
Microsoft Visual Studio Solution File, Format Version 12.00
# Visual Studio Version 17
VisualStudioVersion = 17.11.35222.181
MinimumVisualStudioVersion = 10.0.40219.1
Project("{9A19103F-16F7-4668-BE54-9A1E7A4F7556}") = "BarberWebApplication", "BerbarWebApplication\BarberWebApplication.csproj", "{C86CB5F9-BBDA-430D-8814-EFDC256E6501}"
EndProject
Project("{FAE04EC0-301F-11D3-BF4B-00C04F79EFBC}") = "DataAccess", "DataAccess\DataAccess.csproj", "{2175C8CE-6481-46E6-92B8-F987EF97D8C0}"
EndProject
Project("{FAE04EC0-301F-11D3-BF4B-00C04F79EFBC}") = "Entities", "Entities\Entities.csproj", "{B0960F10-F27F-42F3-9DAE-78FE9BB33963}"
EndProject
Global
	GlobalSection(SolutionConfigurationPlatforms) = preSolution
		Debug|Any CPU = Debug|Any CPU
		Release|Any CPU = Release|Any CPU
	EndGlobalSection
	GlobalSection(ProjectConfigurationPlatforms) = postSolution
		{C86CB5F9-BBDA-430D-8814-EFDC256E6501}.Debug|Any CPU.ActiveCfg = Debug|Any CPU
		{C86CB5F9-BBDA-430D-8814-EFDC256E6501}.Debug|Any CPU.Build.0 = Debug|Any CPU
		{C86CB5F9-BBDA-430D-8814-EFDC256E6501}.Release|Any CPU.ActiveCfg = Release|Any CPU
		{C86CB5F9-BBDA-430D-8814-EFDC256E6501}.Release|Any CPU.Build.0 = Release|Any CPU
		{2175C8CE-6481-46E6-92B8-F987EF97D8C0}.Debug|Any CPU.ActiveCfg = Debug|Any CPU
		{2175C8CE-6481-46E6-92B8-F987EF97D8C0}.Debug|Any CPU.Build.0 = Debug|Any CPU
		{2175C8CE-6481-46E6-92B8-F987EF97D8C0}.Release|Any CPU.ActiveCfg = Release|Any CPU
		{2175C8CE-6481-46E6-92B8-F987EF97D8C0}.Release|Any CPU.Build.0 = Release|Any CPU
		{B0960F10-F27F-42F3-9DAE-78FE9BB33963}.Debug|Any CPU.ActiveCfg = Debug|Any CPU
		{B0960F10-F27F-42F3-9DAE-78FE9BB33963}.Debug|Any CPU.Build.0 = Debug|Any CPU
		{B0960F10-F27F-42F3-9DAE-78FE9BB33963}.Release|Any CPU.ActiveCfg = Release|Any CPU
		{B0960F10-F27F-42F3-9DAE-78FE9BB33963}.Release|Any CPU.Build.0 = Release|Any CPU
	EndGlobalSection
	GlobalSection(SolutionProperties) = preSolution
		HideSolutionNode = FALSE
	EndGlobalSection
	GlobalSection(ExtensibilityGlobals) = postSolution
		SolutionGuid = {C5973801-628E-4623-BD53-8DAAABE7469B}
	EndGlobalSection
EndGlobal
